{
  "pins" : [
    {
      "identity" : "gcdwebserver",
      "kind" : "remoteSourceControl",
      "location" : "https://github.com/SlaunchaMan/GCDWebServer.git",
      "state" : {
        "branch" : "swift-package-manager",
        "revision" : "935e2736044e71e5341663c3cc9a335ba6867a2b"
      }
    },
    {
      "identity" : "pincache",
      "kind" : "remoteSourceControl",
      "location" : "https://github.com/pinterest/PINCache.git",
      "state" : {
        "revision" : "875c654984fb52b47ca65ae70d24852b0003ccd9",
        "version" : "3.0.3"
      }
    },
    {
      "identity" : "pinoperation",
      "kind" : "remoteSourceControl",
      "location" : "https://github.com/pinterest/PINOperation.git",
      "state" : {
        "revision" : "40504c156a68b20f98f7ddc73a115cbb7893be25",
        "version" : "1.2.2"
      }
    },
    {
      "identity" : "safecollection",
      "kind" : "remoteSourceControl",
      "location" : "https://github.com/devxoul/SafeCollection.git",
      "state" : {
        "revision" : "8ddc40807b203b731a30c3dfd4deb978967d948b",
        "version" : "3.1.0"
      }
    }
  ],
  "version" : 2
}
